lockfileVersion: 5.3

specifiers:
  '@kkdy/queue': ^0.0.3
  axios: ^0.21.1
  execa: ^5.0.0
  minimist: ^1.2.5
  quicktype-core: ^6.0.69
  ramda: ^0.27.1
  rollup: ^2.62.0
  rollup-plugin-typescript2: ^0.30.0

devDependencies:
  '@kkdy/queue': 0.0.3
  axios: 0.21.4
  execa: 5.1.1
  minimist: 1.2.5
  quicktype-core: 6.0.70
  ramda: 0.27.1
  rollup: 2.62.0
  rollup-plugin-typescript2: 0.30.0_rollup@2.62.0

packages:

  /@kkdy/queue/0.0.3:
    resolution: {integrity: sha1-LX+cVKyxyxui9YaxXiD3HuujxBw=, tarball: '@kkdy/queue/download/@kkdy/queue-0.0.3.tgz'}
    dev: true

  /@mark.probst/unicode-properties/1.1.0:
    resolution: {integrity: sha1-XKr+q0c335MWPW0ogAffM/mTm4A=, tarball: '@mark.probst/unicode-properties/download/@mark.probst/unicode-properties-1.1.0.tgz'}
    dependencies:
      brfs: 1.6.1
      unicode-trie: 0.3.1
    dev: true

  /@rollup/pluginutils/4.1.2:
    resolution: {integrity: sha512-ROn4qvkxP9SyPeHaf7uQC/GPFY6L/OWy9+bd9AwcjOAWQwxRscoEyAUD8qCY5o5iL4jqQwoLk2kaTKJPb/HwzQ==, tarball: '@rollup/pluginutils/download/@rollup/pluginutils-4.1.2.tgz'}
    engines: {node: '>= 8.0.0'}
    dependencies:
      estree-walker: 2.0.2
      picomatch: 2.3.0
    dev: true

  /acorn/7.4.1:
    resolution: {integrity: sha1-/q7SVZc9LndVW4PbwIhRpsY1IPo=, tarball: acorn/download/acorn-7.4.1.tgz}
    engines: {node: '>=0.4.0'}
    hasBin: true
    dev: true

  /axios/0.21.4:
    resolution: {integrity: sha512-ut5vewkiu8jjGBdqpM44XxjuCjq9LAKeHVmoVfHVzy8eHgxxq8SbAVQNovDA8mVi05kP0Ea/n/UzcSHcTJQfNg==, tarball: axios/download/axios-0.21.4.tgz}
    dependencies:
      follow-redirects: 1.14.6
    transitivePeerDependencies:
      - debug
    dev: true

  /brfs/1.6.1:
    resolution: {integrity: sha1-t4ziM22BjiXuoEoJR8um1PuIScM=, tarball: brfs/download/brfs-1.6.1.tgz}
    hasBin: true
    dependencies:
      quote-stream: 1.0.2
      resolve: 1.20.0
      static-module: 2.2.5
      through2: 2.0.5
    dev: true

  /browser-or-node/1.3.0:
    resolution: {integrity: sha1-8qToVo9gJjBQpnFLLMI2u5dmR6c=, tarball: browser-or-node/download/browser-or-node-1.3.0.tgz}
    dev: true

  /buffer-equal/0.0.1:
    resolution: {integrity: sha1-kbx0sR6kBbyRa8aqkI+q+ltKrEs=, tarball: buffer-equal/download/buffer-equal-0.0.1.tgz}
    engines: {node: '>=0.4.0'}
    dev: true

  /buffer-from/1.1.2:
    resolution: {integrity: sha1-KxRqb9cugLT1XSVfNe1Zo6mkG9U=, tarball: buffer-from/download/buffer-from-1.1.2.tgz}
    dev: true

  /collection-utils/1.0.1:
    resolution: {integrity: sha1-MdFDNkiGdPJ678CnxezKz233gEQ=, tarball: collection-utils/download/collection-utils-1.0.1.tgz}
    dev: true

  /commondir/1.0.1:
    resolution: {integrity: sha1-3dgA2gxmEnOTzKWVDqloo6rxJTs=, tarball: commondir/download/commondir-1.0.1.tgz}
    dev: true

  /concat-stream/1.6.2:
    resolution: {integrity: sha1-kEvfGUzTEi/Gdcd/xKw9T/D9GjQ=, tarball: concat-stream/download/concat-stream-1.6.2.tgz}
    engines: {'0': node >= 0.8}
    dependencies:
      buffer-from: 1.1.2
      inherits: 2.0.4
      readable-stream: 2.3.7
      typedarray: 0.0.6
    dev: true

  /convert-source-map/1.8.0:
    resolution: {integrity: sha1-8zc8MtIbTXgN2ABFFGhPt5HKQ2k=, tarball: convert-source-map/download/convert-source-map-1.8.0.tgz}
    dependencies:
      safe-buffer: 5.1.2
    dev: true

  /core-util-is/1.0.3:
    resolution: {integrity: sha1-pgQtNjTCsn6TKPg3uWX6yDgI24U=, tarball: core-util-is/download/core-util-is-1.0.3.tgz}
    dev: true

  /cross-spawn/7.0.3:
    resolution: {integrity: sha1-9zqFudXUHQRVUcF34ogtSshXKKY=, tarball: cross-spawn/download/cross-spawn-7.0.3.tgz}
    engines: {node: '>= 8'}
    dependencies:
      path-key: 3.1.1
      shebang-command: 2.0.0
      which: 2.0.2
    dev: true

  /deep-is/0.1.4:
    resolution: {integrity: sha1-pvLc5hL63S7x9Rm3NVHxfoUZmDE=, tarball: deep-is/download/deep-is-0.1.4.tgz}
    dev: true

  /duplexer2/0.1.4:
    resolution: {integrity: sha1-ixLauHjA1p4+eJEFFmKjL8a93ME=, tarball: duplexer2/download/duplexer2-0.1.4.tgz}
    dependencies:
      readable-stream: 2.3.7
    dev: true

  /encoding/0.1.13:
    resolution: {integrity: sha1-VldK/deR9UqOmyeFwFgqLSYhD6k=, tarball: encoding/download/encoding-0.1.13.tgz}
    dependencies:
      iconv-lite: 0.6.3
    dev: true

  /escodegen/1.14.3:
    resolution: {integrity: sha1-TnuB+6YVgdyXWC7XjKt/Do1j9QM=, tarball: escodegen/download/escodegen-1.14.3.tgz}
    engines: {node: '>=4.0'}
    hasBin: true
    dependencies:
      esprima: 4.0.1
      estraverse: 4.3.0
      esutils: 2.0.3
      optionator: 0.8.3
    optionalDependencies:
      source-map: 0.6.1
    dev: true

  /escodegen/1.9.1:
    resolution: {integrity: sha1-264X75bI5L7bE1b0UE+kzC98t+I=, tarball: escodegen/download/escodegen-1.9.1.tgz}
    engines: {node: '>=4.0'}
    hasBin: true
    dependencies:
      esprima: 3.1.3
      estraverse: 4.3.0
      esutils: 2.0.3
      optionator: 0.8.3
    optionalDependencies:
      source-map: 0.6.1
    dev: true

  /esprima/3.1.3:
    resolution: {integrity: sha1-/cpRzuYTOJXjyI1TXOSdv/YqRjM=, tarball: esprima/download/esprima-3.1.3.tgz}
    engines: {node: '>=4'}
    hasBin: true
    dev: true

  /esprima/4.0.1:
    resolution: {integrity: sha1-E7BM2z5sXRnfkatph6hpVhmwqnE=, tarball: esprima/download/esprima-4.0.1.tgz}
    engines: {node: '>=4'}
    hasBin: true
    dev: true

  /estraverse/4.3.0:
    resolution: {integrity: sha1-OYrT88WiSUi+dyXoPRGn3ijNvR0=, tarball: estraverse/download/estraverse-4.3.0.tgz}
    engines: {node: '>=4.0'}
    dev: true

  /estree-walker/2.0.2:
    resolution: {integrity: sha1-UvAQF4wqTBF6d1fP6UKtt9LaTKw=, tarball: estree-walker/download/estree-walker-2.0.2.tgz}
    dev: true

  /esutils/2.0.3:
    resolution: {integrity: sha1-dNLrTeC42hKTcRkQ1Qd1ubcQ72Q=, tarball: esutils/download/esutils-2.0.3.tgz}
    engines: {node: '>=0.10.0'}
    dev: true

  /execa/5.1.1:
    resolution: {integrity: sha1-+ArZy/Qpj3vR1MlVXCHpN0HEEd0=, tarball: execa/download/execa-5.1.1.tgz}
    engines: {node: '>=10'}
    dependencies:
      cross-spawn: 7.0.3
      get-stream: 6.0.1
      human-signals: 2.1.0
      is-stream: 2.0.1
      merge-stream: 2.0.0
      npm-run-path: 4.0.1
      onetime: 5.1.2
      signal-exit: 3.0.6
      strip-final-newline: 2.0.0
    dev: true

  /falafel/2.2.4:
    resolution: {integrity: sha1-tdhsBgwkEqQxZiQ8sbzkTRq9KBk=, tarball: falafel/download/falafel-2.2.4.tgz}
    engines: {node: '>=0.4.0'}
    dependencies:
      acorn: 7.4.1
      foreach: 2.0.5
      isarray: 2.0.5
      object-keys: 1.1.1
    dev: true

  /fast-levenshtein/2.0.6:
    resolution: {integrity: sha1-PYpcZog6FqMMqGQ+hR8Zuqd5eRc=, tarball: fast-levenshtein/download/fast-levenshtein-2.0.6.tgz}
    dev: true

  /find-cache-dir/3.3.2:
    resolution: {integrity: sha1-swxbbv8HMHMa6pu9nb7L2AJW1ks=, tarball: find-cache-dir/download/find-cache-dir-3.3.2.tgz}
    engines: {node: '>=8'}
    dependencies:
      commondir: 1.0.1
      make-dir: 3.1.0
      pkg-dir: 4.2.0
    dev: true

  /find-up/4.1.0:
    resolution: {integrity: sha1-l6/n1s3AvFkoWEt8jXsW6KmqXRk=, tarball: find-up/download/find-up-4.1.0.tgz}
    engines: {node: '>=8'}
    dependencies:
      locate-path: 5.0.0
      path-exists: 4.0.0
    dev: true

  /follow-redirects/1.14.6:
    resolution: {integrity: sha512-fhUl5EwSJbbl8AR+uYL2KQDxLkdSjZGR36xy46AO7cOMTrCMON6Sa28FmAnC2tRTDbd/Uuzz3aJBv7EBN7JH8A==, tarball: follow-redirects/download/follow-redirects-1.14.6.tgz}
    engines: {node: '>=4.0'}
    peerDependencies:
      debug: '*'
    peerDependenciesMeta:
      debug:
        optional: true
    dev: true

  /foreach/2.0.5:
    resolution: {integrity: sha1-C+4AUBiusmDQo6865ljdATbsG5k=, tarball: foreach/download/foreach-2.0.5.tgz}
    dev: true

  /fs-extra/8.1.0:
    resolution: {integrity: sha1-SdQ8RaiM2Wd2aMt74bRu/bjS4cA=, tarball: fs-extra/download/fs-extra-8.1.0.tgz}
    engines: {node: '>=6 <7 || >=8'}
    dependencies:
      graceful-fs: 4.2.8
      jsonfile: 4.0.0
      universalify: 0.1.2
    dev: true

  /fsevents/2.3.2:
    resolution: {integrity: sha1-ilJveLj99GI7cJ4Ll1xSwkwC/Ro=, tarball: fsevents/download/fsevents-2.3.2.tgz}
    engines: {node: ^8.16.0 || ^10.6.0 || >=11.0.0}
    os: [darwin]
    requiresBuild: true
    dev: true
    optional: true

  /function-bind/1.1.1:
    resolution: {integrity: sha1-pWiZ0+o8m6uHS7l3O3xe3pL0iV0=, tarball: function-bind/download/function-bind-1.1.1.tgz}
    dev: true

  /get-stream/6.0.1:
    resolution: {integrity: sha1-omLY7vZ6ztV8KFKtYWdSakPL97c=, tarball: get-stream/download/get-stream-6.0.1.tgz}
    engines: {node: '>=10'}
    dev: true

  /graceful-fs/4.2.8:
    resolution: {integrity: sha1-5BK40z9eAGWTy9PO5t+fLOu+gCo=, tarball: graceful-fs/download/graceful-fs-4.2.8.tgz}
    dev: true

  /has/1.0.3:
    resolution: {integrity: sha1-ci18v8H2qoJB8W3YFOAR4fQeh5Y=, tarball: has/download/has-1.0.3.tgz}
    engines: {node: '>= 0.4.0'}
    dependencies:
      function-bind: 1.1.1
    dev: true

  /human-signals/2.1.0:
    resolution: {integrity: sha1-3JH8ukLk0G5Kuu0zs+ejwC9RTqA=, tarball: human-signals/download/human-signals-2.1.0.tgz}
    engines: {node: '>=10.17.0'}
    dev: true

  /iconv-lite/0.6.3:
    resolution: {integrity: sha1-pS+AvzjaGVLrXGgXkHGYcaGnJQE=, tarball: iconv-lite/download/iconv-lite-0.6.3.tgz}
    engines: {node: '>=0.10.0'}
    dependencies:
      safer-buffer: 2.1.2
    dev: true

  /inherits/2.0.4:
    resolution: {integrity: sha1-D6LGT5MpF8NDOg3tVTY6rjdBa3w=, tarball: inherits/download/inherits-2.0.4.tgz}
    dev: true

  /is-core-module/2.8.0:
    resolution: {integrity: sha1-AyEzbD0JJeSX/Zf12VyxFKXM1Ug=, tarball: is-core-module/download/is-core-module-2.8.0.tgz}
    dependencies:
      has: 1.0.3
    dev: true

  /is-stream/1.1.0:
    resolution: {integrity: sha1-EtSj3U5o4Lec6428hBc66A2RykQ=, tarball: is-stream/download/is-stream-1.1.0.tgz}
    engines: {node: '>=0.10.0'}
    dev: true

  /is-stream/2.0.1:
    resolution: {integrity: sha1-+sHj1TuXrVqdCunO8jifWBClwHc=, tarball: is-stream/download/is-stream-2.0.1.tgz}
    engines: {node: '>=8'}
    dev: true

  /is-url/1.2.4:
    resolution: {integrity: sha1-BKTfRtKMTP89c9Af8Gq+sxihqlI=, tarball: is-url/download/is-url-1.2.4.tgz}
    dev: true

  /isarray/1.0.0:
    resolution: {integrity: sha1-u5NdSFgsuhaMBoNJV6VKPgcSTxE=, tarball: isarray/download/isarray-1.0.0.tgz}
    dev: true

  /isarray/2.0.5:
    resolution: {integrity: sha1-ivHkwSISRMxiRZ+vOJQNTmRKVyM=, tarball: isarray/download/isarray-2.0.5.tgz}
    dev: true

  /isexe/2.0.0:
    resolution: {integrity: sha1-6PvzdNxVb/iUehDcsFctYz8s+hA=, tarball: isexe/download/isexe-2.0.0.tgz}
    dev: true

  /isomorphic-fetch/2.2.1:
    resolution: {integrity: sha1-YRrhrPFPXoH3KVB0coGf6XM1WKk=, tarball: isomorphic-fetch/download/isomorphic-fetch-2.2.1.tgz}
    dependencies:
      node-fetch: 1.7.3
      whatwg-fetch: 3.6.2
    dev: true

  /js-base64/2.6.4:
    resolution: {integrity: sha512-pZe//GGmwJndub7ZghVHz7vjb2LgC1m8B07Au3eYqeqv9emhESByMXxaEgkUkEqJe87oBbSniGYoQNIBklc7IQ==, tarball: js-base64/download/js-base64-2.6.4.tgz}
    dev: true

  /jsonfile/4.0.0:
    resolution: {integrity: sha1-h3Gq4HmbZAdrdmQPygWPnBDjPss=, tarball: jsonfile/download/jsonfile-4.0.0.tgz}
    optionalDependencies:
      graceful-fs: 4.2.8
    dev: true

  /levn/0.3.0:
    resolution: {integrity: sha1-OwmSTt+fCDwEkP3UwLxEIeBHZO4=, tarball: levn/download/levn-0.3.0.tgz}
    engines: {node: '>= 0.8.0'}
    dependencies:
      prelude-ls: 1.1.2
      type-check: 0.3.2
    dev: true

  /locate-path/5.0.0:
    resolution: {integrity: sha1-Gvujlq/WdqbUJQTQpno6frn2KqA=, tarball: locate-path/download/locate-path-5.0.0.tgz}
    engines: {node: '>=8'}
    dependencies:
      p-locate: 4.1.0
    dev: true

  /magic-string/0.22.5:
    resolution: {integrity: sha1-jpz1r930Q4XB2lvCpqDb0QsDZX4=, tarball: magic-string/download/magic-string-0.22.5.tgz}
    dependencies:
      vlq: 0.2.3
    dev: true

  /make-dir/3.1.0:
    resolution: {integrity: sha1-QV6WcEazp/HRhSd9hKpYIDcmoT8=, tarball: make-dir/download/make-dir-3.1.0.tgz}
    engines: {node: '>=8'}
    dependencies:
      semver: 6.3.0
    dev: true

  /merge-source-map/1.0.4:
    resolution: {integrity: sha1-pd5GU42uhNQRTMXqArR3KmNGcB8=, tarball: merge-source-map/download/merge-source-map-1.0.4.tgz}
    dependencies:
      source-map: 0.5.7
    dev: true

  /merge-stream/2.0.0:
    resolution: {integrity: sha1-UoI2KaFN0AyXcPtq1H3GMQ8sH2A=, tarball: merge-stream/download/merge-stream-2.0.0.tgz}
    dev: true

  /mimic-fn/2.1.0:
    resolution: {integrity: sha1-ftLCzMyvhNP/y3pptXcR/CCDQBs=, tarball: mimic-fn/download/mimic-fn-2.1.0.tgz}
    engines: {node: '>=6'}
    dev: true

  /minimist/1.2.5:
    resolution: {integrity: sha1-Z9ZgFLZqaoqqDAg8X9WN9OTpdgI=, tarball: minimist/download/minimist-1.2.5.tgz}
    dev: true

  /node-fetch/1.7.3:
    resolution: {integrity: sha1-mA9vcthSEaU0fGsrwYxbhMPrR+8=, tarball: node-fetch/download/node-fetch-1.7.3.tgz}
    dependencies:
      encoding: 0.1.13
      is-stream: 1.1.0
    dev: true

  /npm-run-path/4.0.1:
    resolution: {integrity: sha1-t+zR5e1T2o43pV4cImnguX7XSOo=, tarball: npm-run-path/download/npm-run-path-4.0.1.tgz}
    engines: {node: '>=8'}
    dependencies:
      path-key: 3.1.1
    dev: true

  /object-inspect/1.4.1:
    resolution: {integrity: sha1-N/+xDnGtrzdI0F9xO0yUUvQCy8Q=, tarball: object-inspect/download/object-inspect-1.4.1.tgz}
    dev: true

  /object-keys/1.1.1:
    resolution: {integrity: sha1-HEfyct8nfzsdrwYWd9nILiMixg4=, tarball: object-keys/download/object-keys-1.1.1.tgz}
    engines: {node: '>= 0.4'}
    dev: true

  /onetime/5.1.2:
    resolution: {integrity: sha1-0Oluu1awdHbfHdnEgG5SN5hcpF4=, tarball: onetime/download/onetime-5.1.2.tgz}
    engines: {node: '>=6'}
    dependencies:
      mimic-fn: 2.1.0
    dev: true

  /optionator/0.8.3:
    resolution: {integrity: sha1-hPodA2/p08fiHZmIS2ARZ+yPtJU=, tarball: optionator/download/optionator-0.8.3.tgz}
    engines: {node: '>= 0.8.0'}
    dependencies:
      deep-is: 0.1.4
      fast-levenshtein: 2.0.6
      levn: 0.3.0
      prelude-ls: 1.1.2
      type-check: 0.3.2
      word-wrap: 1.2.3
    dev: true

  /p-limit/2.3.0:
    resolution: {integrity: sha1-PdM8ZHohT9//2DWTPrCG2g3CHbE=, tarball: p-limit/download/p-limit-2.3.0.tgz}
    engines: {node: '>=6'}
    dependencies:
      p-try: 2.2.0
    dev: true

  /p-locate/4.1.0:
    resolution: {integrity: sha1-o0KLtwiLOmApL2aRkni3wpetTwc=, tarball: p-locate/download/p-locate-4.1.0.tgz}
    engines: {node: '>=8'}
    dependencies:
      p-limit: 2.3.0
    dev: true

  /p-try/2.2.0:
    resolution: {integrity: sha1-yyhoVA4xPWHeWPr741zpAE1VQOY=, tarball: p-try/download/p-try-2.2.0.tgz}
    engines: {node: '>=6'}
    dev: true

  /pako/0.2.9:
    resolution: {integrity: sha1-8/dSL073gjSNqBYbrZ7P1Rv4OnU=, tarball: pako/download/pako-0.2.9.tgz}
    dev: true

  /pako/1.0.11:
    resolution: {integrity: sha1-bJWZ00DVTf05RjgCUqNXBaa5kr8=, tarball: pako/download/pako-1.0.11.tgz}
    dev: true

  /path-exists/4.0.0:
    resolution: {integrity: sha1-UTvb4tO5XXdi6METfvoZXGxhtbM=, tarball: path-exists/download/path-exists-4.0.0.tgz}
    engines: {node: '>=8'}
    dev: true

  /path-key/3.1.1:
    resolution: {integrity: sha1-WB9q3mWMu6ZaDTOA3ndTKVBU83U=, tarball: path-key/download/path-key-3.1.1.tgz}
    engines: {node: '>=8'}
    dev: true

  /path-parse/1.0.7:
    resolution: {integrity: sha1-+8EUtgykKzDZ2vWFjkvWi77bZzU=, tarball: path-parse/download/path-parse-1.0.7.tgz}
    dev: true

  /picomatch/2.3.0:
    resolution: {integrity: sha1-8fBh3o9qS/AiiS4tEoI0+5gwKXI=, tarball: picomatch/download/picomatch-2.3.0.tgz}
    engines: {node: '>=8.6'}
    dev: true

  /pkg-dir/4.2.0:
    resolution: {integrity: sha1-8JkTPfft5CLoHR2ESCcO6z5CYfM=, tarball: pkg-dir/download/pkg-dir-4.2.0.tgz}
    engines: {node: '>=8'}
    dependencies:
      find-up: 4.1.0
    dev: true

  /pluralize/7.0.0:
    resolution: {integrity: sha1-KYuJ34uTsCIdv0Ia0rGx6iP8Z3c=, tarball: pluralize/download/pluralize-7.0.0.tgz}
    engines: {node: '>=4'}
    dev: true

  /prelude-ls/1.1.2:
    resolution: {integrity: sha1-IZMqVJ9eUv/ZqCf1cOBL5iqX2lQ=, tarball: prelude-ls/download/prelude-ls-1.1.2.tgz}
    engines: {node: '>= 0.8.0'}
    dev: true

  /process-nextick-args/1.0.7:
    resolution: {integrity: sha1-FQ4gt1ZZCtP5EJPyWk8q2L/zC6M=, tarball: process-nextick-args/download/process-nextick-args-1.0.7.tgz}
    dev: true

  /process-nextick-args/2.0.1:
    resolution: {integrity: sha1-eCDZsWEgzFXKmud5JoCufbptf+I=, tarball: process-nextick-args/download/process-nextick-args-2.0.1.tgz}
    dev: true

  /quicktype-core/6.0.70:
    resolution: {integrity: sha1-O+Fe71BdNWvBb60B0pQdcmwKVwA=, tarball: quicktype-core/download/quicktype-core-6.0.70.tgz}
    dependencies:
      '@mark.probst/unicode-properties': 1.1.0
      browser-or-node: 1.3.0
      collection-utils: 1.0.1
      is-url: 1.2.4
      isomorphic-fetch: 2.2.1
      js-base64: 2.6.4
      pako: 1.0.11
      pluralize: 7.0.0
      readable-stream: 2.3.0
      urijs: 1.19.7
      wordwrap: 1.0.0
      yaml: 1.10.2
    dev: true

  /quote-stream/1.0.2:
    resolution: {integrity: sha1-hJY/jJwmuULhU/7rU6rnRlK34LI=, tarball: quote-stream/download/quote-stream-1.0.2.tgz}
    hasBin: true
    dependencies:
      buffer-equal: 0.0.1
      minimist: 1.2.5
      through2: 2.0.5
    dev: true

  /ramda/0.27.1:
    resolution: {integrity: sha1-Zvwt8++HOHT/wtpqqJhGWKus9ck=, tarball: ramda/download/ramda-0.27.1.tgz}
    dev: true

  /readable-stream/2.3.0:
    resolution: {integrity: sha1-ZA9dzaiMkajcYHhxRWKRcIE6HtI=, tarball: readable-stream/download/readable-stream-2.3.0.tgz}
    dependencies:
      core-util-is: 1.0.3
      inherits: 2.0.4
      isarray: 1.0.0
      process-nextick-args: 1.0.7
      safe-buffer: 5.1.2
      string_decoder: 1.0.3
      util-deprecate: 1.0.2
    dev: true

  /readable-stream/2.3.7:
    resolution: {integrity: sha1-Hsoc9xGu+BTAT2IlKjamL2yyO1c=, tarball: readable-stream/download/readable-stream-2.3.7.tgz}
    dependencies:
      core-util-is: 1.0.3
      inherits: 2.0.4
      isarray: 1.0.0
      process-nextick-args: 2.0.1
      safe-buffer: 5.1.2
      string_decoder: 1.1.1
      util-deprecate: 1.0.2
    dev: true

  /resolve/1.20.0:
    resolution: {integrity: sha1-YpoBP7P3B1XW8LeTXMHCxTeLGXU=, tarball: resolve/download/resolve-1.20.0.tgz}
    dependencies:
      is-core-module: 2.8.0
      path-parse: 1.0.7
    dev: true

  /rollup-plugin-typescript2/0.30.0_rollup@2.62.0:
    resolution: {integrity: sha1-HMmawjCb9LnQo+vbwgAq7NVgg9M=, tarball: rollup-plugin-typescript2/download/rollup-plugin-typescript2-0.30.0.tgz}
    peerDependencies:
      rollup: '>=1.26.3'
      typescript: '>=2.4.0'
    dependencies:
      '@rollup/pluginutils': 4.1.2
      find-cache-dir: 3.3.2
      fs-extra: 8.1.0
      resolve: 1.20.0
      rollup: 2.62.0
      tslib: 2.1.0
    dev: true

  /rollup/2.62.0:
    resolution: {integrity: sha512-cJEQq2gwB0GWMD3rYImefQTSjrPYaC6s4J9pYqnstVLJ1CHa/aZNVkD4Epuvg4iLeMA4KRiq7UM7awKK6j7jcw==, tarball: rollup/download/rollup-2.62.0.tgz}
    engines: {node: '>=10.0.0'}
    hasBin: true
    optionalDependencies:
      fsevents: 2.3.2
    dev: true

  /safe-buffer/5.1.2:
    resolution: {integrity: sha1-mR7GnSluAxN0fVm9/St0XDX4go0=, tarball: safe-buffer/download/safe-buffer-5.1.2.tgz}
    dev: true

  /safer-buffer/2.1.2:
    resolution: {integrity: sha1-RPoWGwGHuVSd2Eu5GAL5vYOFzWo=, tarball: safer-buffer/download/safer-buffer-2.1.2.tgz}
    dev: true

  /semver/6.3.0:
    resolution: {integrity: sha1-7gpkyK9ejO6mdoexM3YeG+y9HT0=, tarball: semver/download/semver-6.3.0.tgz}
    hasBin: true
    dev: true

  /shallow-copy/0.0.1:
    resolution: {integrity: sha1-QV9CcC1z2BAzApLMXuhurhoRoXA=, tarball: shallow-copy/download/shallow-copy-0.0.1.tgz}
    dev: true

  /shebang-command/2.0.0:
    resolution: {integrity: sha1-zNCvT4g1+9wmW4JGGq8MNmY/NOo=, tarball: shebang-command/download/shebang-command-2.0.0.tgz}
    engines: {node: '>=8'}
    dependencies:
      shebang-regex: 3.0.0
    dev: true

  /shebang-regex/3.0.0:
    resolution: {integrity: sha1-rhbxZE2HPsrYQ7AwexQzYtTEIXI=, tarball: shebang-regex/download/shebang-regex-3.0.0.tgz}
    engines: {node: '>=8'}
    dev: true

  /signal-exit/3.0.6:
    resolution: {integrity: sha512-sDl4qMFpijcGw22U5w63KmD3cZJfBuFlVNbVMKje2keoKML7X2UzWbc4XrmEbDwg0NXJc3yv4/ox7b+JWb57kQ==, tarball: signal-exit/download/signal-exit-3.0.6.tgz}
    dev: true

  /source-map/0.5.7:
    resolution: {integrity: sha1-igOdLRAh0i0eoUyA2OpGi6LvP8w=, tarball: source-map/download/source-map-0.5.7.tgz}
    engines: {node: '>=0.10.0'}
    dev: true

  /source-map/0.6.1:
    resolution: {integrity: sha1-dHIq8y6WFOnCh6jQu95IteLxomM=, tarball: source-map/download/source-map-0.6.1.tgz}
    engines: {node: '>=0.10.0'}
    requiresBuild: true
    dev: true
    optional: true

  /static-eval/2.1.0:
    resolution: {integrity: sha1-oW2+VFItf6XvE4kSnYE/1HsUgBQ=, tarball: static-eval/download/static-eval-2.1.0.tgz}
    dependencies:
      escodegen: 1.14.3
    dev: true

  /static-module/2.2.5:
    resolution: {integrity: sha1-vUCrzq4z2mt6+4Sg5DKf+IUr+78=, tarball: static-module/download/static-module-2.2.5.tgz}
    dependencies:
      concat-stream: 1.6.2
      convert-source-map: 1.8.0
      duplexer2: 0.1.4
      escodegen: 1.9.1
      falafel: 2.2.4
      has: 1.0.3
      magic-string: 0.22.5
      merge-source-map: 1.0.4
      object-inspect: 1.4.1
      quote-stream: 1.0.2
      readable-stream: 2.3.7
      shallow-copy: 0.0.1
      static-eval: 2.1.0
      through2: 2.0.5
    dev: true

  /string_decoder/1.0.3:
    resolution: {integrity: sha1-D8Z9fBQYJd6UKC3VNr7GubzoYKs=, tarball: string_decoder/download/string_decoder-1.0.3.tgz}
    dependencies:
      safe-buffer: 5.1.2
    dev: true

  /string_decoder/1.1.1:
    resolution: {integrity: sha1-nPFhG6YmhdcDCunkujQUnDrwP8g=, tarball: string_decoder/download/string_decoder-1.1.1.tgz}
    dependencies:
      safe-buffer: 5.1.2
    dev: true

  /strip-final-newline/2.0.0:
    resolution: {integrity: sha1-ibhS+y/L6Tb29LMYevsKEsGrWK0=, tarball: strip-final-newline/download/strip-final-newline-2.0.0.tgz}
    engines: {node: '>=6'}
    dev: true

  /through2/2.0.5:
    resolution: {integrity: sha1-AcHjnrMdB8t9A6lqcIIyYLIxMs0=, tarball: through2/download/through2-2.0.5.tgz}
    dependencies:
      readable-stream: 2.3.7
      xtend: 4.0.2
    dev: true

  /tiny-inflate/1.0.3:
    resolution: {integrity: sha1-EicVSUkToYBRZqr3yTRnkz7qJsQ=, tarball: tiny-inflate/download/tiny-inflate-1.0.3.tgz}
    dev: true

  /tslib/2.1.0:
    resolution: {integrity: sha1-2mCGDxwuyqVwOrfTm8Bba/mIuXo=, tarball: tslib/download/tslib-2.1.0.tgz}
    dev: true

  /type-check/0.3.2:
    resolution: {integrity: sha1-WITKtRLPHTVeP7eE8wgEsrUg23I=, tarball: type-check/download/type-check-0.3.2.tgz}
    engines: {node: '>= 0.8.0'}
    dependencies:
      prelude-ls: 1.1.2
    dev: true

  /typedarray/0.0.6:
    resolution: {integrity: sha1-hnrHTjhkGHsdPUfZlqeOxciDB3c=, tarball: typedarray/download/typedarray-0.0.6.tgz}
    dev: true

  /unicode-trie/0.3.1:
    resolution: {integrity: sha1-1nHd3YkQGgi6w3tqUWEBBgIFIIU=, tarball: unicode-trie/download/unicode-trie-0.3.1.tgz}
    dependencies:
      pako: 0.2.9
      tiny-inflate: 1.0.3
    dev: true

  /universalify/0.1.2:
    resolution: {integrity: sha1-tkb2m+OULavOzJ1mOcgNwQXvqmY=, tarball: universalify/download/universalify-0.1.2.tgz}
    engines: {node: '>= 4.0.0'}
    dev: true

  /urijs/1.19.7:
    resolution: {integrity: sha512-Id+IKjdU0Hx+7Zx717jwLPsPeUqz7rAtuVBRLLs+qn+J2nf9NGITWVCxcijgYxBqe83C7sqsQPs6H1pyz3x9gA==, tarball: urijs/download/urijs-1.19.7.tgz}
    dev: true

  /util-deprecate/1.0.2:
    resolution: {integrity: sha1-RQ1Nyfpw3nMnYvvS1KKJgUGaDM8=, tarball: util-deprecate/download/util-deprecate-1.0.2.tgz}
    dev: true

  /vlq/0.2.3:
    resolution: {integrity: sha1-jz5DKM9jsVQMDWfhsneDhviXWyY=, tarball: vlq/download/vlq-0.2.3.tgz}
    dev: true

  /whatwg-fetch/3.6.2:
    resolution: {integrity: sha1-3O0k838mJO0CgXJdUdDi4/5nf4w=, tarball: whatwg-fetch/download/whatwg-fetch-3.6.2.tgz}
    dev: true

  /which/2.0.2:
    resolution: {integrity: sha1-fGqN0KY2oDJ+ELWckobu6T8/UbE=, tarball: which/download/which-2.0.2.tgz}
    engines: {node: '>= 8'}
    hasBin: true
    dependencies:
      isexe: 2.0.0
    dev: true

  /word-wrap/1.2.3:
    resolution: {integrity: sha1-YQY29rH3A4kb00dxzLF/uTtHB5w=, tarball: word-wrap/download/word-wrap-1.2.3.tgz}
    engines: {node: '>=0.10.0'}
    dev: true

  /wordwrap/1.0.0:
    resolution: {integrity: sha1-J1hIEIkUVqQXHI0CJkQa3pDLyus=, tarball: wordwrap/download/wordwrap-1.0.0.tgz}
    dev: true

  /xtend/4.0.2:
    resolution: {integrity: sha1-u3J3n1+kZRhrH0OPZ0+jR/2121Q=, tarball: xtend/download/xtend-4.0.2.tgz}
    engines: {node: '>=0.4'}
    dev: true

  /yaml/1.10.2:
    resolution: {integrity: sha1-IwHF/78StGfejaIzOkWeKeeSDks=, tarball: yaml/download/yaml-1.10.2.tgz}
    engines: {node: '>= 6'}
    dev: true
